
Microsoft Visual Studio Solution File, Format Version 12.00
# Visual Studio Version 17
VisualStudioVersion = 17.11.35312.102
MinimumVisualStudioVersion = 10.0.40219.1
Project("{FAE04EC0-301F-11D3-BF4B-00C04F79EFBC}") = "KTPHAM", "KTPHAM\KTPHAM.csproj", "{48AAF6FD-1E26-46FE-BB86-A78D7460F439}"
EndProject
Global
	GlobalSection(SolutionConfigurationPlatforms) = preSolution
		Debug|Any CPU = Debug|Any CPU
		Release|Any CPU = Release|Any CPU
	EndGlobalSection
	GlobalSection(ProjectConfigurationPlatforms) = postSolution
		{48AAF6FD-1E26-46FE-BB86-A78D7460F439}.Debug|Any CPU.ActiveCfg = Debug|Any CPU
		{48AAF6FD-1E26-46FE-BB86-A78D7460F439}.Debug|Any CPU.Build.0 = Debug|Any CPU
		{48AAF6FD-1E26-46FE-BB86-A78D7460F439}.Release|Any CPU.ActiveCfg = Release|Any CPU
		{48AAF6FD-1E26-46FE-BB86-A78D7460F439}.Release|Any CPU.Build.0 = Release|Any CPU
	EndGlobalSection
	GlobalSection(SolutionProperties) = preSolution
		HideSolutionNode = FALSE
	EndGlobalSection
	GlobalSection(ExtensibilityGlobals) = postSolution
		SolutionGuid = {E0B1F9A2-08B2-46EC-8F2E-E8BA3B9A9F93}
	EndGlobalSection
EndGlobal
